// !$*UTF8*$!
{
	archiveVersion = 1;
	classes = {
	};
	objectVersion = 46;
	objects = {

/* Begin PBXBuildFile section */
		525AA19A18515C5B002C196E /* UIKit.framework in Frameworks */ = {isa = PBXBuildFile; fileRef = 525AA19918515C5B002C196E /* UIKit.framework */; };
		525AA19C18515C5B002C196E /* Foundation.framework in Frameworks */ = {isa = PBXBuildFile; fileRef = 525AA19B18515C5B002C196E /* Foundation.framework */; };
		525AA19E18515C5B002C196E /* CoreGraphics.framework in Frameworks */ = {isa = PBXBuildFile; fileRef = 525AA19D18515C5B002C196E /* CoreGraphics.framework */; };
		525AA1A418515C5B002C196E /* InfoPlist.strings in Resources */ = {isa = PBXBuildFile; fileRef = 525AA1A218515C5B002C196E /* InfoPlist.strings */; };
		525AA1A618515C5B002C196E /* main.m in Sources */ = {isa = PBXBuildFile; fileRef = 525AA1A518515C5B002C196E /* main.m */; };
		525AA1AA18515C5B002C196E /* AppDelegate.m in Sources */ = {isa = PBXBuildFile; fileRef = 525AA1A918515C5B002C196E /* AppDelegate.m */; };
		525AA1AC18515C5B002C196E /* Default.png in Resources */ = {isa = PBXBuildFile; fileRef = 525AA1AB18515C5B002C196E /* Default.png */; };
		525AA1AE18515C5B002C196E /* Default@2x.png in Resources */ = {isa = PBXBuildFile; fileRef = 525AA1AD18515C5B002C196E /* Default@2x.png */; };
		525AA1B018515C5B002C196E /* Default-568h@2x.png in Resources */ = {isa = PBXBuildFile; fileRef = 525AA1AF18515C5B002C196E /* Default-568h@2x.png */; };
		525AA1B318515C5B002C196E /* ViewController.m in Sources */ = {isa = PBXBuildFile; fileRef = 525AA1B218515C5B002C196E /* ViewController.m */; };
		525AA1B618515C5B002C196E /* ViewController.xib in Resources */ = {isa = PBXBuildFile; fileRef = 525AA1B418515C5B002C196E /* ViewController.xib */; };
		525AA1C018515C7D002C196E /* Utility.m in Sources */ = {isa = PBXBuildFile; fileRef = 525AA1BD18515C7D002C196E /* Utility.m */; };
		525AA1C118515C7D002C196E /* Ball.m in Sources */ = {isa = PBXBuildFile; fileRef = 525AA1BE18515C7D002C196E /* Ball.m */; };
		525AA1C418515C9C002C196E /* BBViewController.m in Sources */ = {isa = PBXBuildFile; fileRef = 525AA1C318515C9C002C196E /* BBViewController.m */; };
		525AA1C618515CCC002C196E /* BBViewController.xib in Resources */ = {isa = PBXBuildFile; fileRef = 525AA1C518515CCC002C196E /* BBViewController.xib */; };
		525AA1C818515D37002C196E /* QuartzCore.framework in Frameworks */ = {isa = PBXBuildFile; fileRef = 525AA1C718515D37002C196E /* QuartzCore.framework */; };
/* End PBXBuildFile section */

/* Begin PBXFileReference section */
		525AA19618515C5B002C196E /* Dec5_v4.app */ = {isa = PBXFileReference; explicitFileType = wrapper.application; includeInIndex = 0; path = Dec5_v4.app; sourceTree = BUILT_PRODUCTS_DIR; };
		525AA19918515C5B002C196E /* UIKit.framework */ = {isa = PBXFileReference; lastKnownFileType = wrapper.framework; name = UIKit.framework; path = System/Library/Frameworks/UIKit.framework; sourceTree = SDKROOT; };
		525AA19B18515C5B002C196E /* Foundation.framework */ = {isa = PBXFileReference; lastKnownFileType = wrapper.framework; name = Foundation.framework; path = System/Library/Frameworks/Foundation.framework; sourceTree = SDKROOT; };
		525AA19D18515C5B002C196E /* CoreGraphics.framework */ = {isa = PBXFileReference; lastKnownFileType = wrapper.framework; name = CoreGraphics.framework; path = System/Library/Frameworks/CoreGraphics.framework; sourceTree = SDKROOT; };
		525AA1A118515C5B002C196E /* Dec5_v4-Info.plist */ = {isa = PBXFileReference; lastKnownFileType = text.plist.xml; path = "Dec5_v4-Info.plist"; sourceTree = "<group>"; };
		525AA1A318515C5B002C196E /* en */ = {isa = PBXFileReference; lastKnownFileType = text.plist.strings; name = en; path = en.lproj/InfoPlist.strings; sourceTree = "<group>"; };
		525AA1A518515C5B002C196E /* main.m */ = {isa = PBXFileReference; lastKnownFileType = sourcecode.c.objc; path = main.m; sourceTree = "<group>"; };
		525AA1A718515C5B002C196E /* Dec5_v4-Prefix.pch */ = {isa = PBXFileReference; lastKnownFileType = sourcecode.c.h; path = "Dec5_v4-Prefix.pch"; sourceTree = "<group>"; };
		525AA1A818515C5B002C196E /* AppDelegate.h */ = {isa = PBXFileReference; lastKnownFileType = sourcecode.c.h; path = AppDelegate.h; sourceTree = "<group>"; };
		525AA1A918515C5B002C196E /* AppDelegate.m */ = {isa = PBXFileReference; lastKnownFileType = sourcecode.c.objc; path = AppDelegate.m; sourceTree = "<group>"; };
		525AA1AB18515C5B002C196E /* Default.png */ = {isa = PBXFileReference; lastKnownFileType = image.png; path = Default.png; sourceTree = "<group>"; };
		525AA1AD18515C5B002C196E /* Default@2x.png */ = {isa = PBXFileReference; lastKnownFileType = image.png; path = "Default@2x.png"; sourceTree = "<group>"; };
		525AA1AF18515C5B002C196E /* Default-568h@2x.png */ = {isa = PBXFileReference; lastKnownFileType = image.png; path = "Default-568h@2x.png"; sourceTree = "<group>"; };
		525AA1B118515C5B002C196E /* ViewController.h */ = {isa = PBXFileReference; lastKnownFileType = sourcecode.c.h; path = ViewController.h; sourceTree = "<group>"; };
		525AA1B218515C5B002C196E /* ViewController.m */ = {isa = PBXFileReference; lastKnownFileType = sourcecode.c.objc; path = ViewController.m; sourceTree = "<group>"; };
		525AA1B518515C5B002C196E /* en */ = {isa = PBXFileReference; lastKnownFileType = file.xib; name = en; path = en.lproj/ViewController.xib; sourceTree = "<group>"; };
		525AA1BC18515C7D002C196E /* Utility.h */ = {isa = PBXFileReference; fileEncoding = 4; lastKnownFileType = sourcecode.c.h; path = Utility.h; sourceTree = "<group>"; };
		525AA1BD18515C7D002C196E /* Utility.m */ = {isa = PBXFileReference; fileEncoding = 4; lastKnownFileType = sourcecode.c.objc; path = Utility.m; sourceTree = "<group>"; };
		525AA1BE18515C7D002C196E /* Ball.m */ = {isa = PBXFileReference; fileEncoding = 4; lastKnownFileType = sourcecode.c.objc; path = Ball.m; sourceTree = "<group>"; };
		525AA1BF18515C7D002C196E /* Ball.h */ = {isa = PBXFileReference; fileEncoding = 4; lastKnownFileType = sourcecode.c.h; path = Ball.h; sourceTree = "<group>"; };
		525AA1C218515C9C002C196E /* BBViewController.h */ = {isa = PBXFileReference; fileEncoding = 4; lastKnownFileType = sourcecode.c.h; path = BBViewController.h; sourceTree = "<group>"; };
		525AA1C318515C9C002C196E /* BBViewController.m */ = {isa = PBXFileReference; fileEncoding = 4; lastKnownFileType = sourcecode.c.objc; path = BBViewController.m; sourceTree = "<group>"; };
		525AA1C518515CCC002C196E /* BBViewController.xib */ = {isa = PBXFileReference; fileEncoding = 4; lastKnownFileType = file.xib; path = BBViewController.xib; sourceTree = "<group>"; };
		525AA1C718515D37002C196E /* QuartzCore.framework */ = {isa = PBXFileReference; lastKnownFileType = wrapper.framework; name = QuartzCore.framework; path = System/Library/Frameworks/QuartzCore.framework; sourceTree = SDKROOT; };
/* End PBXFileReference section */

/* Begin PBXFrameworksBuildPhase section */
		525AA19318515C5B002C196E /* Frameworks */ = {
			isa = PBXFrameworksBuildPhase;
			buildActionMask = 2147483647;
			files = (
				525AA1C818515D37002C196E /* QuartzCore.framework in Frameworks */,
				525AA19A18515C5B002C196E /* UIKit.framework in Frameworks */,
				525AA19C18515C5B002C196E /* Foundation.framework in Frameworks */,
				525AA19E18515C5B002C196E /* CoreGraphics.framework in Frameworks */,
			);
			runOnlyForDeploymentPostprocessing = 0;
		};
/* End PBXFrameworksBuildPhase section */

/* Begin PBXGroup section */
		525AA18D18515C5B002C196E = {
			isa = PBXGroup;
			children = (
				525AA1C718515D37002C196E /* QuartzCore.framework */,
				525AA19F18515C5B002C196E /* Dec5_v4 */,
				525AA19818515C5B002C196E /* Frameworks */,
				525AA19718515C5B002C196E /* Products */,
			);
			sourceTree = "<group>";
		};
		525AA19718515C5B002C196E /* Products */ = {
			isa = PBXGroup;
			children = (
				525AA19618515C5B002C196E /* Dec5_v4.app */,
			);
			name = Products;
			sourceTree = "<group>";
		};
		525AA19818515C5B002C196E /* Frameworks */ = {
			isa = PBXGroup;
			children = (
				525AA19918515C5B002C196E /* UIKit.framework */,
				525AA19B18515C5B002C196E /* Foundation.framework */,
				525AA19D18515C5B002C196E /* CoreGraphics.framework */,
			);
			name = Frameworks;
			sourceTree = "<group>";
		};
		525AA19F18515C5B002C196E /* Dec5_v4 */ = {
			isa = PBXGroup;
			children = (
				525AA1C518515CCC002C196E /* BBViewController.xib */,
				525AA1A818515C5B002C196E /* AppDelegate.h */,
				525AA1C218515C9C002C196E /* BBViewController.h */,
				525AA1C318515C9C002C196E /* BBViewController.m */,
				525AA1A918515C5B002C196E /* AppDelegate.m */,
				525AA1B118515C5B002C196E /* ViewController.h */,
				525AA1BC18515C7D002C196E /* Utility.h */,
				525AA1BD18515C7D002C196E /* Utility.m */,
				525AA1BE18515C7D002C196E /* Ball.m */,
				525AA1BF18515C7D002C196E /* Ball.h */,
				525AA1B218515C5B002C196E /* ViewController.m */,
				525AA1B418515C5B002C196E /* ViewController.xib */,
				525AA1A018515C5B002C196E /* Supporting Files */,
			);
			path = Dec5_v4;
			sourceTree = "<group>";
		};
		525AA1A018515C5B002C196E /* Supporting Files */ = {
			isa = PBXGroup;
			children = (
				525AA1A118515C5B002C196E /* Dec5_v4-Info.plist */,
				525AA1A218515C5B002C196E /* InfoPlist.strings */,
				525AA1A518515C5B002C196E /* main.m */,
				525AA1A718515C5B002C196E /* Dec5_v4-Prefix.pch */,
				525AA1AB18515C5B002C196E /* Default.png */,
				525AA1AD18515C5B002C196E /* Default@2x.png */,
				525AA1AF18515C5B002C196E /* Default-568h@2x.png */,
			);
			name = "Supporting Files";
			sourceTree = "<group>";
		};
/* End PBXGroup section */

/* Begin PBXNativeTarget section */
		525AA19518515C5B002C196E /* Dec5_v4 */ = {
			isa = PBXNativeTarget;
			buildConfigurationList = 525AA1B918515C5B002C196E /* Build configuration list for PBXNativeTarget "Dec5_v4" */;
			buildPhases = (
				525AA19218515C5B002C196E /* Sources */,
				525AA19318515C5B002C196E /* Frameworks */,
				525AA19418515C5B002C196E /* Resources */,
			);
			buildRules = (
			);
			dependencies = (
			);
			name = Dec5_v4;
			productName = Dec5_v4;
			productReference = 525AA19618515C5B002C196E /* Dec5_v4.app */;
			productType = "com.apple.product-type.application";
		};
/* End PBXNativeTarget section */

/* Begin PBXProject section */
		525AA18E18515C5B002C196E /* Project object */ = {
			isa = PBXProject;
			attributes = {
				LastUpgradeCheck = 0460;
				ORGANIZATIONNAME = "John V. Tabbone, Inc.";
			};
			buildConfigurationList = 525AA19118515C5B002C196E /* Build configuration list for PBXProject "Dec5_v4" */;
			compatibilityVersion = "Xcode 3.2";
			developmentRegion = English;
			hasScannedForEncodings = 0;
			knownRegions = (
				en,
			);
			mainGroup = 525AA18D18515C5B002C196E;
			productRefGroup = 525AA19718515C5B002C196E /* Products */;
			projectDirPath = "";
			projectRoot = "";
			targets = (
				525AA19518515C5B002C196E /* Dec5_v4 */,
			);
		};
/* End PBXProject section */

/* Begin PBXResourcesBuildPhase section */
		525AA19418515C5B002C196E /* Resources */ = {
			isa = PBXResourcesBuildPhase;
			buildActionMask = 2147483647;
			files = (
				525AA1A418515C5B002C196E /* InfoPlist.strings in Resources */,
				525AA1AC18515C5B002C196E /* Default.png in Resources */,
				525AA1AE18515C5B002C196E /* Default@2x.png in Resources */,
				525AA1B018515C5B002C196E /* Default-568h@2x.png in Resources */,
				525AA1B618515C5B002C196E /* ViewController.xib in Resources */,
				525AA1C618515CCC002C196E /* BBViewController.xib in Resources */,
			);
			runOnlyForDeploymentPostprocessing = 0;
		};
/* End PBXResourcesBuildPhase section */

/* Begin PBXSourcesBuildPhase section */
		525AA19218515C5B002C196E /* Sources */ = {
			isa = PBXSourcesBuildPhase;
			buildActionMask = 2147483647;
			files = (
				525AA1A618515C5B002C196E /* main.m in Sources */,
				525AA1AA18515C5B002C196E /* AppDelegate.m in Sources */,
				525AA1B318515C5B002C196E /* ViewController.m in Sources */,
				525AA1C018515C7D002C196E /* Utility.m in Sources */,
				525AA1C118515C7D002C196E /* Ball.m in Sources */,
				525AA1C418515C9C002C196E /* BBViewController.m in Sources */,
			);
			runOnlyForDeploymentPostprocessing = 0;
		};
/* End PBXSourcesBuildPhase section */

/* Begin PBXVariantGroup section */
		525AA1A218515C5B002C196E /* InfoPlist.strings */ = {
			isa = PBXVariantGroup;
			children = (
				525AA1A318515C5B002C196E /* en */,
			);
			name = InfoPlist.strings;
			sourceTree = "<group>";
		};
		525AA1B418515C5B002C196E /* ViewController.xib */ = {
			isa = PBXVariantGroup;
			children = (
				525AA1B518515C5B002C196E /* en */,
			);
			name = ViewController.xib;
			sourceTree = "<group>";
		};
/* End PBXVariantGroup section */

/* Begin XCBuildConfiguration section */
		525AA1B718515C5B002C196E /* Debug */ = {
			isa = XCBuildConfiguration;
			buildSettings = {
				ALWAYS_SEARCH_USER_PATHS = NO;
				CLANG_CXX_LANGUAGE_STANDARD = "gnu++0x";
				CLANG_CXX_LIBRARY = "libc++";
				CLANG_ENABLE_OBJC_ARC = YES;
				CLANG_WARN_CONSTANT_CONVERSION = YES;
				CLANG_WARN_EMPTY_BODY = YES;
				CLANG_WARN_ENUM_CONVERSION = YES;
				CLANG_WARN_INT_CONVERSION = YES;
				CLANG_WARN__DUPLICATE_METHOD_MATCH = YES;
				"CODE_SIGN_IDENTITY[sdk=iphoneos*]" = "iPhone Developer";
				COPY_PHASE_STRIP = NO;
				GCC_C_LANGUAGE_STANDARD = gnu99;
				GCC_DYNAMIC_NO_PIC = NO;
				GCC_OPTIMIZATION_LEVEL = 0;
				GCC_PREPROCESSOR_DEFINITIONS = (
					"DEBUG=1",
					"$(inherited)",
				);
				GCC_SYMBOLS_PRIVATE_EXTERN = NO;
				GCC_WARN_ABOUT_RETURN_TYPE = YES;
				GCC_WARN_UNINITIALIZED_AUTOS = YES;
				GCC_WARN_UNUSED_VARIABLE = YES;
				IPHONEOS_DEPLOYMENT_TARGET = 6.1;
				ONLY_ACTIVE_ARCH = YES;
				SDKROOT = iphoneos;
			};
			name = Debug;
		};
		525AA1B818515C5B002C196E /* Release */ = {
			isa = XCBuildConfiguration;
			buildSettings = {
				ALWAYS_SEARCH_USER_PATHS = NO;
				CLANG_CXX_LANGUAGE_STANDARD = "gnu++0x";
				CLANG_CXX_LIBRARY = "libc++";
				CLANG_ENABLE_OBJC_ARC = YES;
				CLANG_WARN_CONSTANT_CONVERSION = YES;
				CLANG_WARN_EMPTY_BODY = YES;
				CLANG_WARN_ENUM_CONVERSION = YES;
				CLANG_WARN_INT_CONVERSION = YES;
				CLANG_WARN__DUPLICATE_METHOD_MATCH = YES;
				"CODE_SIGN_IDENTITY[sdk=iphoneos*]" = "iPhone Developer";
				COPY_PHASE_STRIP = YES;
				GCC_C_LANGUAGE_STANDARD = gnu99;
				GCC_WARN_ABOUT_RETURN_TYPE = YES;
				GCC_WARN_UNINITIALIZED_AUTOS = YES;
				GCC_WARN_UNUSED_VARIABLE = YES;
				IPHONEOS_DEPLOYMENT_TARGET = 6.1;
				OTHER_CFLAGS = "-DNS_BLOCK_ASSERTIONS=1";
				SDKROOT = iphoneos;
				VALIDATE_PRODUCT = YES;
			};
			name = Release;
		};
		525AA1BA18515C5B002C196E /* Debug */ = {
			isa = XCBuildConfiguration;
			buildSettings = {
				GCC_PRECOMPILE_PREFIX_HEADER = YES;
				GCC_PREFIX_HEADER = "Dec5_v4/Dec5_v4-Prefix.pch";
				INFOPLIST_FILE = "Dec5_v4/Dec5_v4-Info.plist";
				PRODUCT_NAME = "$(TARGET_NAME)";
				WRAPPER_EXTENSION = app;
			};
			name = Debug;
		};
		525AA1BB18515C5B002C196E /* Release */ = {
			isa = XCBuildConfiguration;
			buildSettings = {
				GCC_PRECOMPILE_PREFIX_HEADER = YES;
				GCC_PREFIX_HEADER = "Dec5_v4/Dec5_v4-Prefix.pch";
				INFOPLIST_FILE = "Dec5_v4/Dec5_v4-Info.plist";
				PRODUCT_NAME = "$(TARGET_NAME)";
				WRAPPER_EXTENSION = app;
			};
			name = Release;
		};
/* End XCBuildConfiguration section */

/* Begin XCConfigurationList section */
		525AA19118515C5B002C196E /* Build configuration list for PBXProject "Dec5_v4" */ = {
			isa = XCConfigurationList;
			buildConfigurations = (
				525AA1B718515C5B002C196E /* Debug */,
				525AA1B818515C5B002C196E /* Release */,
			);
			defaultConfigurationIsVisible = 0;
			defaultConfigurationName = Release;
		};
		525AA1B918515C5B002C196E /* Build configuration list for PBXNativeTarget "Dec5_v4" */ = {
			isa = XCConfigurationList;
			buildConfigurations = (
				525AA1BA18515C5B002C196E /* Debug */,
				525AA1BB18515C5B002C196E /* Release */,
			);
			defaultConfigurationIsVisible = 0;
		};
/* End XCConfigurationList section */
	};
	rootObject = 525AA18E18515C5B002C196E /* Project object */;
}
